lockfileVersion: '6.0'

settings:
  autoInstallPeers: true
  excludeLinksFromLockfile: false

devDependencies:
  pnpm:
    specifier: ^8.14.1
    version: 8.14.1

packages:

  /pnpm@8.14.1:
    resolution: {integrity: sha512-hWxOzZfF0/MDVOvDc80y+zcnQpXEidstD2E6HmDwEMrfuxUDbVJfOgbewYl+QhmzxPbTvo8vYvsKNmvuaqp1Mw==}
    engines: {node: '>=16.14'}
    hasBin: true
    dev: true
